
Microsoft Visual Studio Solution File, Format Version 12.00
# Visual Studio Version 17
VisualStudioVersion = 17.13.35931.197 d17.13
MinimumVisualStudioVersion = 10.0.40219.1
Project("{FAE04EC0-301F-11D3-BF4B-00C04F79EFBC}") = "ConversorDeDistancias.Consola", "ConversorDeDistancias.Consola\ConversorDeDistancias.Consola.csproj", "{3BF7AA44-35C8-49A0-B98A-88C1BFC171FD}"
EndProject
Project("{FAE04EC0-301F-11D3-BF4B-00C04F79EFBC}") = "ConversorDeDistancia.Entidades", "ConversorDeDistancia.Entidades\ConversorDeDistancia.Entidades.csproj", "{53966716-2703-47C7-9337-E03A3BA07A10}"
EndProject
Global
	GlobalSection(SolutionConfigurationPlatforms) = preSolution
		Debug|Any CPU = Debug|Any CPU
		Release|Any CPU = Release|Any CPU
	EndGlobalSection
	GlobalSection(ProjectConfigurationPlatforms) = postSolution
		{3BF7AA44-35C8-49A0-B98A-88C1BFC171FD}.Debug|Any CPU.ActiveCfg = Debug|Any CPU
		{3BF7AA44-35C8-49A0-B98A-88C1BFC171FD}.Debug|Any CPU.Build.0 = Debug|Any CPU
		{3BF7AA44-35C8-49A0-B98A-88C1BFC171FD}.Release|Any CPU.ActiveCfg = Release|Any CPU
		{3BF7AA44-35C8-49A0-B98A-88C1BFC171FD}.Release|Any CPU.Build.0 = Release|Any CPU
		{53966716-2703-47C7-9337-E03A3BA07A10}.Debug|Any CPU.ActiveCfg = Debug|Any CPU
		{53966716-2703-47C7-9337-E03A3BA07A10}.Debug|Any CPU.Build.0 = Debug|Any CPU
		{53966716-2703-47C7-9337-E03A3BA07A10}.Release|Any CPU.ActiveCfg = Release|Any CPU
		{53966716-2703-47C7-9337-E03A3BA07A10}.Release|Any CPU.Build.0 = Release|Any CPU
	EndGlobalSection
	GlobalSection(SolutionProperties) = preSolution
		HideSolutionNode = FALSE
	EndGlobalSection
	GlobalSection(ExtensibilityGlobals) = postSolution
		SolutionGuid = {090EC1C4-A984-4438-8B9D-481D040CD053}
	EndGlobalSection
EndGlobal
